
Microsoft Visual Studio Solution File, Format Version 12.00
# Visual Studio 15
VisualStudioVersion = 15.0.28307.329
MinimumVisualStudioVersion = 10.0.40219.1
Project("{FAE04EC0-301F-11D3-BF4B-00C04F79EFBC}") = "WindowsFormsApp14", "WindowsFormsApp14\WindowsFormsApp14.csproj", "{FF66BA0B-2589-46C8-A6FB-3BE6C75A4810}"
EndProject
Global
	GlobalSection(SolutionConfigurationPlatforms) = preSolution
		Debug|Any CPU = Debug|Any CPU
		Release|Any CPU = Release|Any CPU
	EndGlobalSection
	GlobalSection(ProjectConfigurationPlatforms) = postSolution
		{FF66BA0B-2589-46C8-A6FB-3BE6C75A4810}.Debug|Any CPU.ActiveCfg = Debug|Any CPU
		{FF66BA0B-2589-46C8-A6FB-3BE6C75A4810}.Debug|Any CPU.Build.0 = Debug|Any CPU
		{FF66BA0B-2589-46C8-A6FB-3BE6C75A4810}.Release|Any CPU.ActiveCfg = Release|Any CPU
		{FF66BA0B-2589-46C8-A6FB-3BE6C75A4810}.Release|Any CPU.Build.0 = Release|Any CPU
	EndGlobalSection
	GlobalSection(SolutionProperties) = preSolution
		HideSolutionNode = FALSE
	EndGlobalSection
	GlobalSection(ExtensibilityGlobals) = postSolution
		SolutionGuid = {EBE3AFD5-B717-4CAD-BA77-C3630F2D968F}
	EndGlobalSection
EndGlobal
